{
  "name": "penpot-mcp-local",
  "version": "1.0.0",
  "lockfileVersion": 3,
  "requires": true,
  "packages": {
    "": {
      "name": "penpot-mcp-local",
      "version": "1.0.0",
      "dependencies": {
        "@penpot/mcp": "latest"
      }
    },
    "node_modules/@penpot/mcp": {
      "version": "2.15.4",
      "resolved": "https://registry.npmjs.org/@penpot/mcp/-/mcp-2.15.4.tgz",
      "integrity": "sha512-BjqqLNGd4diFgBNOkEofDlDavCHptsNthH88ANy/69LrSAuoeg08DJgfqZMrjnyIsrbI7Sc2MDJPVLzCQbpdoQ==",
      "bin": {
        "penpot-mcp": "bin/mcp-local.js"
      }
    }
  }
}
